PODS:
  - AppsFlyerFramework (6.12.0):
    - AppsFlyerFramework/Main (= 6.12.0)
  - AppsFlyerFramework/Main (6.12.0)
  - Capacitor (5.1.1):
    - CapacitorCordova
  - CapacitorCordova (5.1.1)

DEPENDENCIES:
  - AppsFlyerFramework (~> 6.12.0)
  - "Capacitor (from `../node_modules/@capacitor/ios`)"
  - "CapacitorCordova (from `../node_modules/@capacitor/ios`)"

SPEC REPOS:
  trunk:
    - AppsFlyerFramework

EXTERNAL SOURCES:
  Capacitor:
    :path: "../node_modules/@capacitor/ios"
  CapacitorCordova:
    :path: "../node_modules/@capacitor/ios"

SPEC CHECKSUMS:
  AppsFlyerFramework: 38431c0dd52c05f4bdbe34934ef004d586063b30
  Capacitor: 55956e1199b63efcd7f2dedffa5c6b9129c45aae
  CapacitorCordova: b31a46ad379c93a5c04e0598a6164e8cb90c2bb2

PODFILE CHECKSUM: 2e34aafab41c26ac2d45e44b2228886e3b56b3c3

COCOAPODS: 1.12.1
