PODS:
  - AppsFlyerFramework (6.4.0):
    - AppsFlyerFramework/Main (= 6.4.0)
  - AppsFlyerFramework/Main (6.4.0)
  - Capacitor (2.4.7):
    - CapacitorCordova
  - CapacitorCordova (2.4.7)

DEPENDENCIES:
  - AppsFlyerFramework (~> 6.4.0)
  - "Capacitor (from `../node_modules/@capacitor/ios`)"
  - "CapacitorCordova (from `../node_modules/@capacitor/ios`)"

SPEC REPOS:
  trunk:
    - AppsFlyerFramework

EXTERNAL SOURCES:
  Capacitor:
    :path: "../node_modules/@capacitor/ios"
  CapacitorCordova:
    :path: "../node_modules/@capacitor/ios"

SPEC CHECKSUMS:
  AppsFlyerFramework: 9c37252d3edce38257afc065ad48a48c0f004000
  Capacitor: 4cd7b342d5a15b1f6f333d687358953afd7b2d8b
  CapacitorCordova: 2c9d6e28d9d86c4da087fa2c3537c1841954bb12

PODFILE CHECKSUM: 074be30485006f7f329a9ee9b9909ded406df03f

COCOAPODS: 1.10.1
